// !$*UTF8*$!
{
	archiveVersion = 1;
	classes = {
	};
	objectVersion = 56;
	objects = {

/* Begin PBXBuildFile section */
		11AA9EA12CB55DA500E7EA91 /* dynamic_islandApp.swift in Sources */ = {isa = PBXBuildFile; fileRef = 11AA9EA02CB55DA500E7EA91 /* dynamic_islandApp.swift */; };
		11AA9EA32CB55DA500E7EA91 /* ContentView.swift in Sources */ = {isa = PBXBuildFile; fileRef = 11AA9EA22CB55DA500E7EA91 /* ContentView.swift */; };
		11AA9EA52CB55DA700E7EA91 /* Assets.xcassets in Resources */ = {isa = PBXBuildFile; fileRef = 11AA9EA42CB55DA700E7EA91 /* Assets.xcassets */; };
		11AA9EA92CB55DA700E7EA91 /* Preview Assets.xcassets in Resources */ = {isa = PBXBuildFile; fileRef = 11AA9EA82CB55DA700E7EA91 /* Preview Assets.xcassets */; };
		11AA9ECC2CB55E8F00E7EA91 /* CircleTimerView.swift in Sources */ = {isa = PBXBuildFile; fileRef = 11AA9ECB2CB55E8F00E7EA91 /* CircleTimerView.swift */; };
		11AA9ED42CB5619500E7EA91 /* WidgetKit.framework in Frameworks */ = {isa = PBXBuildFile; fileRef = 11AA9ED32CB5619500E7EA91 /* WidgetKit.framework */; };
		11AA9ED62CB5619500E7EA91 /* SwiftUI.framework in Frameworks */ = {isa = PBXBuildFile; fileRef = 11AA9ED52CB5619500E7EA91 /* SwiftUI.framework */; };
		11AA9ED92CB5619500E7EA91 /* TimerWidgetBundle.swift in Sources */ = {isa = PBXBuildFile; fileRef = 11AA9ED82CB5619500E7EA91 /* TimerWidgetBundle.swift */; };
		11AA9EDB2CB5619500E7EA91 /* TimerWidgetLiveActivity.swift in Sources */ = {isa = PBXBuildFile; fileRef = 11AA9EDA2CB5619500E7EA91 /* TimerWidgetLiveActivity.swift */; };
		11AA9EDD2CB5619500E7EA91 /* TimerWidget.swift in Sources */ = {isa = PBXBuildFile; fileRef = 11AA9EDC2CB5619500E7EA91 /* TimerWidget.swift */; };
		11AA9EE12CB5619700E7EA91 /* Assets.xcassets in Resources */ = {isa = PBXBuildFile; fileRef = 11AA9EE02CB5619700E7EA91 /* Assets.xcassets */; };
		11AA9EE52CB5619700E7EA91 /* TimerWidgetExtension.appex in Embed Foundation Extensions */ = {isa = PBXBuildFile; fileRef = 11AA9ED12CB5619500E7EA91 /* TimerWidgetExtension.appex */; settings = {ATTRIBUTES = (RemoveHeadersOnCopy, ); }; };
		11AA9EEB2CB562C600E7EA91 /* TimerAttributes.swift in Sources */ = {isa = PBXBuildFile; fileRef = 11AA9EEA2CB562C600E7EA91 /* TimerAttributes.swift */; };
		11AA9EEC2CB562C600E7EA91 /* TimerAttributes.swift in Sources */ = {isa = PBXBuildFile; fileRef = 11AA9EEA2CB562C600E7EA91 /* TimerAttributes.swift */; };
		11AA9EEE2CB567A600E7EA91 /* LiveActivityManager.swift in Sources */ = {isa = PBXBuildFile; fileRef = 11AA9EED2CB567A600E7EA91 /* LiveActivityManager.swift */; };
		11AA9EEF2CB567A600E7EA91 /* LiveActivityManager.swift in Sources */ = {isa = PBXBuildFile; fileRef = 11AA9EED2CB567A600E7EA91 /* LiveActivityManager.swift */; };
		11B2F7262CB677F3009D11EF /* TimerWidgetLiveActivity.swift in Sources */ = {isa = PBXBuildFile; fileRef = 11AA9EDA2CB5619500E7EA91 /* TimerWidgetLiveActivity.swift */; };
		11B2F7272CB67819009D11EF /* TimerWidget.swift in Sources */ = {isa = PBXBuildFile; fileRef = 11AA9EDC2CB5619500E7EA91 /* TimerWidget.swift */; };
/* End PBXBuildFile section */

/* Begin PBXContainerItemProxy section */
		11AA9EE32CB5619700E7EA91 /* PBXContainerItemProxy */ = {
			isa = PBXContainerItemProxy;
			containerPortal = 11AA9E952CB55DA500E7EA91 /* Project object */;
			proxyType = 1;
			remoteGlobalIDString = 11AA9ED02CB5619500E7EA91;
			remoteInfo = TimerWidgetExtension;
		};
/* End PBXContainerItemProxy section */

/* Begin PBXCopyFilesBuildPhase section */
		11AA9EE92CB5619700E7EA91 /* Embed Foundation Extensions */ = {
			isa = PBXCopyFilesBuildPhase;
			buildActionMask = 2147483647;
			dstPath = "";
			dstSubfolderSpec = 13;
			files = (
				11AA9EE52CB5619700E7EA91 /* TimerWidgetExtension.appex in Embed Foundation Extensions */,
			);
			name = "Embed Foundation Extensions";
			runOnlyForDeploymentPostprocessing = 0;
		};
/* End PBXCopyFilesBuildPhase section */

/* Begin PBXFileReference section */
		11AA9E9D2CB55DA500E7EA91 /* dynamic-island.app */ = {isa = PBXFileReference; explicitFileType = wrapper.application; includeInIndex = 0; path = "dynamic-island.app"; sourceTree = BUILT_PRODUCTS_DIR; };
		11AA9EA02CB55DA500E7EA91 /* dynamic_islandApp.swift */ = {isa = PBXFileReference; lastKnownFileType = sourcecode.swift; path = dynamic_islandApp.swift; sourceTree = "<group>"; };
		11AA9EA22CB55DA500E7EA91 /* ContentView.swift */ = {isa = PBXFileReference; lastKnownFileType = sourcecode.swift; path = ContentView.swift; sourceTree = "<group>"; };
		11AA9EA42CB55DA700E7EA91 /* Assets.xcassets */ = {isa = PBXFileReference; lastKnownFileType = folder.assetcatalog; path = Assets.xcassets; sourceTree = "<group>"; };
		11AA9EA62CB55DA700E7EA91 /* dynamic_island.entitlements */ = {isa = PBXFileReference; lastKnownFileType = text.plist.entitlements; path = dynamic_island.entitlements; sourceTree = "<group>"; };
		11AA9EA82CB55DA700E7EA91 /* Preview Assets.xcassets */ = {isa = PBXFileReference; lastKnownFileType = folder.assetcatalog; path = "Preview Assets.xcassets"; sourceTree = "<group>"; };
		11AA9ECB2CB55E8F00E7EA91 /* CircleTimerView.swift */ = {isa = PBXFileReference; lastKnownFileType = sourcecode.swift; path = CircleTimerView.swift; sourceTree = "<group>"; };
		11AA9ED12CB5619500E7EA91 /* TimerWidgetExtension.appex */ = {isa = PBXFileReference; explicitFileType = "wrapper.app-extension"; includeInIndex = 0; path = TimerWidgetExtension.appex; sourceTree = BUILT_PRODUCTS_DIR; };
		11AA9ED32CB5619500E7EA91 /* WidgetKit.framework */ = {isa = PBXFileReference; lastKnownFileType = wrapper.framework; name = WidgetKit.framework; path = System/Library/Frameworks/WidgetKit.framework; sourceTree = SDKROOT; };
		11AA9ED52CB5619500E7EA91 /* SwiftUI.framework */ = {isa = PBXFileReference; lastKnownFileType = wrapper.framework; name = SwiftUI.framework; path = System/Library/Frameworks/SwiftUI.framework; sourceTree = SDKROOT; };
		11AA9ED82CB5619500E7EA91 /* TimerWidgetBundle.swift */ = {isa = PBXFileReference; lastKnownFileType = sourcecode.swift; path = TimerWidgetBundle.swift; sourceTree = "<group>"; };
		11AA9EDA2CB5619500E7EA91 /* TimerWidgetLiveActivity.swift */ = {isa = PBXFileReference; lastKnownFileType = sourcecode.swift; path = TimerWidgetLiveActivity.swift; sourceTree = "<group>"; };
		11AA9EDC2CB5619500E7EA91 /* TimerWidget.swift */ = {isa = PBXFileReference; lastKnownFileType = sourcecode.swift; path = TimerWidget.swift; sourceTree = "<group>"; };
		11AA9EE02CB5619700E7EA91 /* Assets.xcassets */ = {isa = PBXFileReference; lastKnownFileType = folder.assetcatalog; path = Assets.xcassets; sourceTree = "<group>"; };
		11AA9EE22CB5619700E7EA91 /* Info.plist */ = {isa = PBXFileReference; lastKnownFileType = text.plist.xml; path = Info.plist; sourceTree = "<group>"; };
		11AA9EEA2CB562C600E7EA91 /* TimerAttributes.swift */ = {isa = PBXFileReference; lastKnownFileType = sourcecode.swift; path = TimerAttributes.swift; sourceTree = "<group>"; };
		11AA9EED2CB567A600E7EA91 /* LiveActivityManager.swift */ = {isa = PBXFileReference; lastKnownFileType = sourcecode.swift; path = LiveActivityManager.swift; sourceTree = "<group>"; };
		11AA9EF02CB5768800E7EA91 /* Info.plist */ = {isa = PBXFileReference; lastKnownFileType = text.plist; path = Info.plist; sourceTree = "<group>"; };
/* End PBXFileReference section */

/* Begin PBXFrameworksBuildPhase section */
		11AA9E9A2CB55DA500E7EA91 /* Frameworks */ = {
			isa = PBXFrameworksBuildPhase;
			buildActionMask = 2147483647;
			files = (
			);
			runOnlyForDeploymentPostprocessing = 0;
		};
		11AA9ECE2CB5619500E7EA91 /* Frameworks */ = {
			isa = PBXFrameworksBuildPhase;
			buildActionMask = 2147483647;
			files = (
				11AA9ED62CB5619500E7EA91 /* SwiftUI.framework in Frameworks */,
				11AA9ED42CB5619500E7EA91 /* WidgetKit.framework in Frameworks */,
			);
			runOnlyForDeploymentPostprocessing = 0;
		};
/* End PBXFrameworksBuildPhase section */

/* Begin PBXGroup section */
		11AA9E942CB55DA500E7EA91 = {
			isa = PBXGroup;
			children = (
				11AA9E9F2CB55DA500E7EA91 /* dynamic-island */,
				11AA9ED72CB5619500E7EA91 /* TimerWidget */,
				11AA9ED22CB5619500E7EA91 /* Frameworks */,
				11AA9E9E2CB55DA500E7EA91 /* Products */,
			);
			sourceTree = "<group>";
		};
		11AA9E9E2CB55DA500E7EA91 /* Products */ = {
			isa = PBXGroup;
			children = (
				11AA9E9D2CB55DA500E7EA91 /* dynamic-island.app */,
				11AA9ED12CB5619500E7EA91 /* TimerWidgetExtension.appex */,
			);
			name = Products;
			sourceTree = "<group>";
		};
		11AA9E9F2CB55DA500E7EA91 /* dynamic-island */ = {
			isa = PBXGroup;
			children = (
				11AA9EF02CB5768800E7EA91 /* Info.plist */,
				11AA9EA02CB55DA500E7EA91 /* dynamic_islandApp.swift */,
				11AA9EA22CB55DA500E7EA91 /* ContentView.swift */,
				11AA9ECB2CB55E8F00E7EA91 /* CircleTimerView.swift */,
				11AA9EA42CB55DA700E7EA91 /* Assets.xcassets */,
				11AA9EA62CB55DA700E7EA91 /* dynamic_island.entitlements */,
				11AA9EA72CB55DA700E7EA91 /* Preview Content */,
				11AA9EEA2CB562C600E7EA91 /* TimerAttributes.swift */,
				11AA9EED2CB567A600E7EA91 /* LiveActivityManager.swift */,
			);
			path = "dynamic-island";
			sourceTree = "<group>";
		};
		11AA9EA72CB55DA700E7EA91 /* Preview Content */ = {
			isa = PBXGroup;
			children = (
				11AA9EA82CB55DA700E7EA91 /* Preview Assets.xcassets */,
			);
			path = "Preview Content";
			sourceTree = "<group>";
		};
		11AA9ED22CB5619500E7EA91 /* Frameworks */ = {
			isa = PBXGroup;
			children = (
				11AA9ED32CB5619500E7EA91 /* WidgetKit.framework */,
				11AA9ED52CB5619500E7EA91 /* SwiftUI.framework */,
			);
			name = Frameworks;
			sourceTree = "<group>";
		};
		11AA9ED72CB5619500E7EA91 /* TimerWidget */ = {
			isa = PBXGroup;
			children = (
				11AA9ED82CB5619500E7EA91 /* TimerWidgetBundle.swift */,
				11AA9EDA2CB5619500E7EA91 /* TimerWidgetLiveActivity.swift */,
				11AA9EDC2CB5619500E7EA91 /* TimerWidget.swift */,
				11AA9EE02CB5619700E7EA91 /* Assets.xcassets */,
				11AA9EE22CB5619700E7EA91 /* Info.plist */,
			);
			path = TimerWidget;
			sourceTree = "<group>";
		};
/* End PBXGroup section */

/* Begin PBXNativeTarget section */
		11AA9E9C2CB55DA500E7EA91 /* dynamic-island */ = {
			isa = PBXNativeTarget;
			buildConfigurationList = 11AA9EC22CB55DA700E7EA91 /* Build configuration list for PBXNativeTarget "dynamic-island" */;
			buildPhases = (
				11AA9E992CB55DA500E7EA91 /* Sources */,
				11AA9E9A2CB55DA500E7EA91 /* Frameworks */,
				11AA9E9B2CB55DA500E7EA91 /* Resources */,
				11AA9EE92CB5619700E7EA91 /* Embed Foundation Extensions */,
			);
			buildRules = (
			);
			dependencies = (
				11AA9EE42CB5619700E7EA91 /* PBXTargetDependency */,
			);
			name = "dynamic-island";
			productName = "dynamic-island";
			productReference = 11AA9E9D2CB55DA500E7EA91 /* dynamic-island.app */;
			productType = "com.apple.product-type.application";
		};
		11AA9ED02CB5619500E7EA91 /* TimerWidgetExtension */ = {
			isa = PBXNativeTarget;
			buildConfigurationList = 11AA9EE62CB5619700E7EA91 /* Build configuration list for PBXNativeTarget "TimerWidgetExtension" */;
			buildPhases = (
				11AA9ECD2CB5619500E7EA91 /* Sources */,
				11AA9ECE2CB5619500E7EA91 /* Frameworks */,
				11AA9ECF2CB5619500E7EA91 /* Resources */,
			);
			buildRules = (
			);
			dependencies = (
			);
			name = TimerWidgetExtension;
			productName = TimerWidgetExtension;
			productReference = 11AA9ED12CB5619500E7EA91 /* TimerWidgetExtension.appex */;
			productType = "com.apple.product-type.app-extension";
		};
/* End PBXNativeTarget section */

/* Begin PBXProject section */
		11AA9E952CB55DA500E7EA91 /* Project object */ = {
			isa = PBXProject;
			attributes = {
				BuildIndependentTargetsInParallel = 1;
				LastSwiftUpdateCheck = 1540;
				LastUpgradeCheck = 1540;
				TargetAttributes = {
					11AA9E9C2CB55DA500E7EA91 = {
						CreatedOnToolsVersion = 15.4;
					};
					11AA9ED02CB5619500E7EA91 = {
						CreatedOnToolsVersion = 15.4;
					};
				};
			};
			buildConfigurationList = 11AA9E982CB55DA500E7EA91 /* Build configuration list for PBXProject "dynamic-island" */;
			compatibilityVersion = "Xcode 14.0";
			developmentRegion = en;
			hasScannedForEncodings = 0;
			knownRegions = (
				en,
				Base,
			);
			mainGroup = 11AA9E942CB55DA500E7EA91;
			productRefGroup = 11AA9E9E2CB55DA500E7EA91 /* Products */;
			projectDirPath = "";
			projectRoot = "";
			targets = (
				11AA9E9C2CB55DA500E7EA91 /* dynamic-island */,
				11AA9ED02CB5619500E7EA91 /* TimerWidgetExtension */,
			);
		};
/* End PBXProject section */

/* Begin PBXResourcesBuildPhase section */
		11AA9E9B2CB55DA500E7EA91 /* Resources */ = {
			isa = PBXResourcesBuildPhase;
			buildActionMask = 2147483647;
			files = (
				11AA9EA92CB55DA700E7EA91 /* Preview Assets.xcassets in Resources */,
				11AA9EA52CB55DA700E7EA91 /* Assets.xcassets in Resources */,
			);
			runOnlyForDeploymentPostprocessing = 0;
		};
		11AA9ECF2CB5619500E7EA91 /* Resources */ = {
			isa = PBXResourcesBuildPhase;
			buildActionMask = 2147483647;
			files = (
				11AA9EE12CB5619700E7EA91 /* Assets.xcassets in Resources */,
			);
			runOnlyForDeploymentPostprocessing = 0;
		};
/* End PBXResourcesBuildPhase section */

/* Begin PBXSourcesBuildPhase section */
		11AA9E992CB55DA500E7EA91 /* Sources */ = {
			isa = PBXSourcesBuildPhase;
			buildActionMask = 2147483647;
			files = (
				11B2F7262CB677F3009D11EF /* TimerWidgetLiveActivity.swift in Sources */,
				11AA9EEB2CB562C600E7EA91 /* TimerAttributes.swift in Sources */,
				11B2F7272CB67819009D11EF /* TimerWidget.swift in Sources */,
				11AA9EA32CB55DA500E7EA91 /* ContentView.swift in Sources */,
				11AA9EA12CB55DA500E7EA91 /* dynamic_islandApp.swift in Sources */,
				11AA9EEE2CB567A600E7EA91 /* LiveActivityManager.swift in Sources */,
				11AA9ECC2CB55E8F00E7EA91 /* CircleTimerView.swift in Sources */,
			);
			runOnlyForDeploymentPostprocessing = 0;
		};
		11AA9ECD2CB5619500E7EA91 /* Sources */ = {
			isa = PBXSourcesBuildPhase;
			buildActionMask = 2147483647;
			files = (
				11AA9EDB2CB5619500E7EA91 /* TimerWidgetLiveActivity.swift in Sources */,
				11AA9EEF2CB567A600E7EA91 /* LiveActivityManager.swift in Sources */,
				11AA9ED92CB5619500E7EA91 /* TimerWidgetBundle.swift in Sources */,
				11AA9EEC2CB562C600E7EA91 /* TimerAttributes.swift in Sources */,
				11AA9EDD2CB5619500E7EA91 /* TimerWidget.swift in Sources */,
			);
			runOnlyForDeploymentPostprocessing = 0;
		};
/* End PBXSourcesBuildPhase section */

/* Begin PBXTargetDependency section */
		11AA9EE42CB5619700E7EA91 /* PBXTargetDependency */ = {
			isa = PBXTargetDependency;
			target = 11AA9ED02CB5619500E7EA91 /* TimerWidgetExtension */;
			targetProxy = 11AA9EE32CB5619700E7EA91 /* PBXContainerItemProxy */;
		};
/* End PBXTargetDependency section */

/* Begin XCBuildConfiguration section */
		11AA9EC02CB55DA700E7EA91 /* Debug */ = {
			isa = XCBuildConfiguration;
			buildSettings = {
				ALWAYS_SEARCH_USER_PATHS = NO;
				ASSETCATALOG_COMPILER_GENERATE_SWIFT_ASSET_SYMBOL_EXTENSIONS = YES;
				CLANG_ANALYZER_NONNULL = YES;
				CLANG_ANALYZER_NUMBER_OBJECT_CONVERSION = YES_AGGRESSIVE;
				CLANG_CXX_LANGUAGE_STANDARD = "gnu++20";
				CLANG_ENABLE_MODULES = YES;
				CLANG_ENABLE_OBJC_ARC = YES;
				CLANG_ENABLE_OBJC_WEAK = YES;
				CLANG_WARN_BLOCK_CAPTURE_AUTORELEASING = YES;
				CLANG_WARN_BOOL_CONVERSION = YES;
				CLANG_WARN_COMMA = YES;
				CLANG_WARN_CONSTANT_CONVERSION = YES;
				CLANG_WARN_DEPRECATED_OBJC_IMPLEMENTATIONS = YES;
				CLANG_WARN_DIRECT_OBJC_ISA_USAGE = YES_ERROR;
				CLANG_WARN_DOCUMENTATION_COMMENTS = YES;
				CLANG_WARN_EMPTY_BODY = YES;
				CLANG_WARN_ENUM_CONVERSION = YES;
				CLANG_WARN_INFINITE_RECURSION = YES;
				CLANG_WARN_INT_CONVERSION = YES;
				CLANG_WARN_NON_LITERAL_NULL_CONVERSION = YES;
				CLANG_WARN_OBJC_IMPLICIT_RETAIN_SELF = YES;
				CLANG_WARN_OBJC_LITERAL_CONVERSION = YES;
				CLANG_WARN_OBJC_ROOT_CLASS = YES_ERROR;
				CLANG_WARN_QUOTED_INCLUDE_IN_FRAMEWORK_HEADER = YES;
				CLANG_WARN_RANGE_LOOP_ANALYSIS = YES;
				CLANG_WARN_STRICT_PROTOTYPES = YES;
				CLANG_WARN_SUSPICIOUS_MOVE = YES;
				CLANG_WARN_UNGUARDED_AVAILABILITY = YES_AGGRESSIVE;
				CLANG_WARN_UNREACHABLE_CODE = YES;
				CLANG_WARN__DUPLICATE_METHOD_MATCH = YES;
				COPY_PHASE_STRIP = NO;
				DEBUG_INFORMATION_FORMAT = dwarf;
				ENABLE_STRICT_OBJC_MSGSEND = YES;
				ENABLE_TESTABILITY = YES;
				ENABLE_USER_SCRIPT_SANDBOXING = YES;
				GCC_C_LANGUAGE_STANDARD = gnu17;
				GCC_DYNAMIC_NO_PIC = NO;
				GCC_NO_COMMON_BLOCKS = YES;
				GCC_OPTIMIZATION_LEVEL = 0;
				GCC_PREPROCESSOR_DEFINITIONS = (
					"DEBUG=1",
					"$(inherited)",
				);
				GCC_WARN_64_TO_32_BIT_CONVERSION = YES;
				GCC_WARN_ABOUT_RETURN_TYPE = YES_ERROR;
				GCC_WARN_UNDECLARED_SELECTOR = YES;
				GCC_WARN_UNINITIALIZED_AUTOS = YES_AGGRESSIVE;
				GCC_WARN_UNUSED_FUNCTION = YES;
				GCC_WARN_UNUSED_VARIABLE = YES;
				IPHONEOS_DEPLOYMENT_TARGET = 16.2;
				LOCALIZATION_PREFERS_STRING_CATALOGS = YES;
				MTL_ENABLE_DEBUG_INFO = INCLUDE_SOURCE;
				MTL_FAST_MATH = YES;
				ONLY_ACTIVE_ARCH = YES;
				SWIFT_ACTIVE_COMPILATION_CONDITIONS = "DEBUG $(inherited)";
				SWIFT_OPTIMIZATION_LEVEL = "-Onone";
			};
			name = Debug;
		};
		11AA9EC12CB55DA700E7EA91 /* Release */ = {
			isa = XCBuildConfiguration;
			buildSettings = {
				ALWAYS_SEARCH_USER_PATHS = NO;
				ASSETCATALOG_COMPILER_GENERATE_SWIFT_ASSET_SYMBOL_EXTENSIONS = YES;
				CLANG_ANALYZER_NONNULL = YES;
				CLANG_ANALYZER_NUMBER_OBJECT_CONVERSION = YES_AGGRESSIVE;
				CLANG_CXX_LANGUAGE_STANDARD = "gnu++20";
				CLANG_ENABLE_MODULES = YES;
				CLANG_ENABLE_OBJC_ARC = YES;
				CLANG_ENABLE_OBJC_WEAK = YES;
				CLANG_WARN_BLOCK_CAPTURE_AUTORELEASING = YES;
				CLANG_WARN_BOOL_CONVERSION = YES;
				CLANG_WARN_COMMA = YES;
				CLANG_WARN_CONSTANT_CONVERSION = YES;
				CLANG_WARN_DEPRECATED_OBJC_IMPLEMENTATIONS = YES;
				CLANG_WARN_DIRECT_OBJC_ISA_USAGE = YES_ERROR;
				CLANG_WARN_DOCUMENTATION_COMMENTS = YES;
				CLANG_WARN_EMPTY_BODY = YES;
				CLANG_WARN_ENUM_CONVERSION = YES;
				CLANG_WARN_INFINITE_RECURSION = YES;
				CLANG_WARN_INT_CONVERSION = YES;
				CLANG_WARN_NON_LITERAL_NULL_CONVERSION = YES;
				CLANG_WARN_OBJC_IMPLICIT_RETAIN_SELF = YES;
				CLANG_WARN_OBJC_LITERAL_CONVERSION = YES;
				CLANG_WARN_OBJC_ROOT_CLASS = YES_ERROR;
				CLANG_WARN_QUOTED_INCLUDE_IN_FRAMEWORK_HEADER = YES;
				CLANG_WARN_RANGE_LOOP_ANALYSIS = YES;
				CLANG_WARN_STRICT_PROTOTYPES = YES;
				CLANG_WARN_SUSPICIOUS_MOVE = YES;
				CLANG_WARN_UNGUARDED_AVAILABILITY = YES_AGGRESSIVE;
				CLANG_WARN_UNREACHABLE_CODE = YES;
				CLANG_WARN__DUPLICATE_METHOD_MATCH = YES;
				COPY_PHASE_STRIP = NO;
				DEBUG_INFORMATION_FORMAT = "dwarf-with-dsym";
				ENABLE_NS_ASSERTIONS = NO;
				ENABLE_STRICT_OBJC_MSGSEND = YES;
				ENABLE_USER_SCRIPT_SANDBOXING = YES;
				GCC_C_LANGUAGE_STANDARD = gnu17;
				GCC_NO_COMMON_BLOCKS = YES;
				GCC_WARN_64_TO_32_BIT_CONVERSION = YES;
				GCC_WARN_ABOUT_RETURN_TYPE = YES_ERROR;
				GCC_WARN_UNDECLARED_SELECTOR = YES;
				GCC_WARN_UNINITIALIZED_AUTOS = YES_AGGRESSIVE;
				GCC_WARN_UNUSED_FUNCTION = YES;
				GCC_WARN_UNUSED_VARIABLE = YES;
				IPHONEOS_DEPLOYMENT_TARGET = 16.2;
				LOCALIZATION_PREFERS_STRING_CATALOGS = YES;
				MTL_ENABLE_DEBUG_INFO = NO;
				MTL_FAST_MATH = YES;
				SWIFT_COMPILATION_MODE = wholemodule;
			};
			name = Release;
		};
		11AA9EC32CB55DA700E7EA91 /* Debug */ = {
			isa = XCBuildConfiguration;
			buildSettings = {
				ALWAYS_EMBED_SWIFT_STANDARD_LIBRARIES = YES;
				ASSETCATALOG_COMPILER_APPICON_NAME = AppIcon;
				ASSETCATALOG_COMPILER_GLOBAL_ACCENT_COLOR_NAME = AccentColor;
				CODE_SIGN_ENTITLEMENTS = "dynamic-island/dynamic_island.entitlements";
				CODE_SIGN_STYLE = Automatic;
				CURRENT_PROJECT_VERSION = 1;
				DEVELOPMENT_ASSET_PATHS = "\"dynamic-island/Preview Content\"";
				DEVELOPMENT_TEAM = J2ZYT8H56Z;
				ENABLE_HARDENED_RUNTIME = YES;
				ENABLE_PREVIEWS = YES;
				GENERATE_INFOPLIST_FILE = YES;
				INFOPLIST_FILE = "dynamic-island/Info.plist";
				INFOPLIST_KEY_NSSupportsLiveActivities = YES;
				"INFOPLIST_KEY_UIApplicationSceneManifest_Generation[sdk=iphoneos*]" = YES;
				"INFOPLIST_KEY_UIApplicationSceneManifest_Generation[sdk=iphonesimulator*]" = YES;
				"INFOPLIST_KEY_UIApplicationSupportsIndirectInputEvents[sdk=iphoneos*]" = YES;
				"INFOPLIST_KEY_UIApplicationSupportsIndirectInputEvents[sdk=iphonesimulator*]" = YES;
				"INFOPLIST_KEY_UILaunchScreen_Generation[sdk=iphoneos*]" = YES;
				"INFOPLIST_KEY_UILaunchScreen_Generation[sdk=iphonesimulator*]" = YES;
				"INFOPLIST_KEY_UIStatusBarStyle[sdk=iphoneos*]" = UIStatusBarStyleDefault;
				"INFOPLIST_KEY_UIStatusBarStyle[sdk=iphonesimulator*]" = UIStatusBarStyleDefault;
				INFOPLIST_KEY_UISupportedInterfaceOrientations_iPad = "UIInterfaceOrientationPortrait UIInterfaceOrientationPortraitUpsideDown UIInterfaceOrientationLandscapeLeft UIInterfaceOrientationLandscapeRight";
				INFOPLIST_KEY_UISupportedInterfaceOrientations_iPhone = "UIInterfaceOrientationPortrait UIInterfaceOrientationLandscapeLeft UIInterfaceOrientationLandscapeRight";
				IPHONEOS_DEPLOYMENT_TARGET = 16.2;
				LD_RUNPATH_SEARCH_PATHS = "@executable_path/Frameworks";
				"LD_RUNPATH_SEARCH_PATHS[sdk=macosx*]" = "@executable_path/../Frameworks";
				MACOSX_DEPLOYMENT_TARGET = 14.3;
				MARKETING_VERSION = 1.0;
				PRODUCT_BUNDLE_IDENTIFIER = "com.dynamic-island.dynamic-island";
				PRODUCT_NAME = "$(TARGET_NAME)";
				SDKROOT = auto;
				SUPPORTED_PLATFORMS = "iphoneos iphonesimulator";
				SUPPORTS_MACCATALYST = NO;
				SWIFT_EMIT_LOC_STRINGS = YES;
				SWIFT_VERSION = 5.0;
				TARGETED_DEVICE_FAMILY = 1;
			};
			name = Debug;
		};
		11AA9EC42CB55DA700E7EA91 /* Release */ = {
			isa = XCBuildConfiguration;
			buildSettings = {
				ALWAYS_EMBED_SWIFT_STANDARD_LIBRARIES = YES;
				ASSETCATALOG_COMPILER_APPICON_NAME = AppIcon;
				ASSETCATALOG_COMPILER_GLOBAL_ACCENT_COLOR_NAME = AccentColor;
				CODE_SIGN_ENTITLEMENTS = "dynamic-island/dynamic_island.entitlements";
				CODE_SIGN_STYLE = Automatic;
				CURRENT_PROJECT_VERSION = 1;
				DEVELOPMENT_ASSET_PATHS = "\"dynamic-island/Preview Content\"";
				DEVELOPMENT_TEAM = J2ZYT8H56Z;
				ENABLE_HARDENED_RUNTIME = YES;
				ENABLE_PREVIEWS = YES;
				GENERATE_INFOPLIST_FILE = YES;
				INFOPLIST_FILE = "dynamic-island/Info.plist";
				INFOPLIST_KEY_NSSupportsLiveActivities = YES;
				"INFOPLIST_KEY_UIApplicationSceneManifest_Generation[sdk=iphoneos*]" = YES;
				"INFOPLIST_KEY_UIApplicationSceneManifest_Generation[sdk=iphonesimulator*]" = YES;
				"INFOPLIST_KEY_UIApplicationSupportsIndirectInputEvents[sdk=iphoneos*]" = YES;
				"INFOPLIST_KEY_UIApplicationSupportsIndirectInputEvents[sdk=iphonesimulator*]" = YES;
				"INFOPLIST_KEY_UILaunchScreen_Generation[sdk=iphoneos*]" = YES;
				"INFOPLIST_KEY_UILaunchScreen_Generation[sdk=iphonesimulator*]" = YES;
				"INFOPLIST_KEY_UIStatusBarStyle[sdk=iphoneos*]" = UIStatusBarStyleDefault;
				"INFOPLIST_KEY_UIStatusBarStyle[sdk=iphonesimulator*]" = UIStatusBarStyleDefault;
				INFOPLIST_KEY_UISupportedInterfaceOrientations_iPad = "UIInterfaceOrientationPortrait UIInterfaceOrientationPortraitUpsideDown UIInterfaceOrientationLandscapeLeft UIInterfaceOrientationLandscapeRight";
				INFOPLIST_KEY_UISupportedInterfaceOrientations_iPhone = "UIInterfaceOrientationPortrait UIInterfaceOrientationLandscapeLeft UIInterfaceOrientationLandscapeRight";
				IPHONEOS_DEPLOYMENT_TARGET = 16.2;
				LD_RUNPATH_SEARCH_PATHS = "@executable_path/Frameworks";
				"LD_RUNPATH_SEARCH_PATHS[sdk=macosx*]" = "@executable_path/../Frameworks";
				MACOSX_DEPLOYMENT_TARGET = 14.3;
				MARKETING_VERSION = 1.0;
				PRODUCT_BUNDLE_IDENTIFIER = "com.dynamic-island.dynamic-island";
				PRODUCT_NAME = "$(TARGET_NAME)";
				SDKROOT = auto;
				SUPPORTED_PLATFORMS = "iphoneos iphonesimulator";
				SUPPORTS_MACCATALYST = NO;
				SWIFT_EMIT_LOC_STRINGS = YES;
				SWIFT_VERSION = 5.0;
				TARGETED_DEVICE_FAMILY = 1;
			};
			name = Release;
		};
		11AA9EE72CB5619700E7EA91 /* Debug */ = {
			isa = XCBuildConfiguration;
			buildSettings = {
				ASSETCATALOG_COMPILER_GLOBAL_ACCENT_COLOR_NAME = AccentColor;
				ASSETCATALOG_COMPILER_WIDGET_BACKGROUND_COLOR_NAME = WidgetBackground;
				CODE_SIGN_STYLE = Automatic;
				CURRENT_PROJECT_VERSION = 1;
				DEVELOPMENT_TEAM = J2ZYT8H56Z;
				GENERATE_INFOPLIST_FILE = YES;
				INFOPLIST_FILE = TimerWidget/Info.plist;
				INFOPLIST_KEY_CFBundleDisplayName = TimerWidget;
				INFOPLIST_KEY_NSHumanReadableCopyright = "";
				IPHONEOS_DEPLOYMENT_TARGET = 17.5;
				LD_RUNPATH_SEARCH_PATHS = (
					"$(inherited)",
					"@executable_path/Frameworks",
					"@executable_path/../../Frameworks",
				);
				MARKETING_VERSION = 1.0;
				PRODUCT_BUNDLE_IDENTIFIER = "com.dynamic-island.dynamic-island.TimerWidget";
				PRODUCT_NAME = "$(TARGET_NAME)";
				SDKROOT = iphoneos;
				SKIP_INSTALL = YES;
				SWIFT_EMIT_LOC_STRINGS = YES;
				SWIFT_VERSION = 5.0;
				TARGETED_DEVICE_FAMILY = "1,2";
			};
			name = Debug;
		};
		11AA9EE82CB5619700E7EA91 /* Release */ = {
			isa = XCBuildConfiguration;
			buildSettings = {
				ASSETCATALOG_COMPILER_GLOBAL_ACCENT_COLOR_NAME = AccentColor;
				ASSETCATALOG_COMPILER_WIDGET_BACKGROUND_COLOR_NAME = WidgetBackground;
				CODE_SIGN_STYLE = Automatic;
				CURRENT_PROJECT_VERSION = 1;
				DEVELOPMENT_TEAM = J2ZYT8H56Z;
				GENERATE_INFOPLIST_FILE = YES;
				INFOPLIST_FILE = TimerWidget/Info.plist;
				INFOPLIST_KEY_CFBundleDisplayName = TimerWidget;
				INFOPLIST_KEY_NSHumanReadableCopyright = "";
				IPHONEOS_DEPLOYMENT_TARGET = 17.5;
				LD_RUNPATH_SEARCH_PATHS = (
					"$(inherited)",
					"@executable_path/Frameworks",
					"@executable_path/../../Frameworks",
				);
				MARKETING_VERSION = 1.0;
				PRODUCT_BUNDLE_IDENTIFIER = "com.dynamic-island.dynamic-island.TimerWidget";
				PRODUCT_NAME = "$(TARGET_NAME)";
				SDKROOT = iphoneos;
				SKIP_INSTALL = YES;
				SWIFT_EMIT_LOC_STRINGS = YES;
				SWIFT_VERSION = 5.0;
				TARGETED_DEVICE_FAMILY = "1,2";
				VALIDATE_PRODUCT = YES;
			};
			name = Release;
		};
/* End XCBuildConfiguration section */

/* Begin XCConfigurationList section */
		11AA9E982CB55DA500E7EA91 /* Build configuration list for PBXProject "dynamic-island" */ = {
			isa = XCConfigurationList;
			buildConfigurations = (
				11AA9EC02CB55DA700E7EA91 /* Debug */,
				11AA9EC12CB55DA700E7EA91 /* Release */,
			);
			defaultConfigurationIsVisible = 0;
			defaultConfigurationName = Release;
		};
		11AA9EC22CB55DA700E7EA91 /* Build configuration list for PBXNativeTarget "dynamic-island" */ = {
			isa = XCConfigurationList;
			buildConfigurations = (
				11AA9EC32CB55DA700E7EA91 /* Debug */,
				11AA9EC42CB55DA700E7EA91 /* Release */,
			);
			defaultConfigurationIsVisible = 0;
			defaultConfigurationName = Release;
		};
		11AA9EE62CB5619700E7EA91 /* Build configuration list for PBXNativeTarget "TimerWidgetExtension" */ = {
			isa = XCConfigurationList;
			buildConfigurations = (
				11AA9EE72CB5619700E7EA91 /* Debug */,
				11AA9EE82CB5619700E7EA91 /* Release */,
			);
			defaultConfigurationIsVisible = 0;
			defaultConfigurationName = Release;
		};
/* End XCConfigurationList section */
	};
	rootObject = 11AA9E952CB55DA500E7EA91 /* Project object */;
}
